
Microsoft Visual Studio Solution File, Format Version 12.00
# Visual Studio Version 16
VisualStudioVersion = 16.0.32802.440
MinimumVisualStudioVersion = 10.0.40219.1
Project("{FAE04EC0-301F-11D3-BF4B-00C04F79EFBC}") = "UnityEngine.UI", "UnityEngine.UI.csproj", "{8E10FA70-B8A2-CC5C-FE26-6C97B580C2F1}"
EndProject
Project("{FAE04EC0-301F-11D3-BF4B-00C04F79EFBC}") = "Assembly-CSharp", "Assembly-CSharp.csproj", "{8DEA2A83-20D3-BCD3-69D6-835896A69D33}"
EndProject
Project("{FAE04EC0-301F-11D3-BF4B-00C04F79EFBC}") = "UnityEngine.TestRunner", "UnityEngine.TestRunner.csproj", "{E1EED11E-FF1B-7714-31F4-38FBCC1FD83D}"
EndProject
Project("{FAE04EC0-301F-11D3-BF4B-00C04F79EFBC}") = "Unity.VisualScripting.Flow", "Unity.VisualScripting.Flow.csproj", "{69753076-7215-050E-2492-1380B75C945A}"
EndProject
Project("{FAE04EC0-301F-11D3-BF4B-00C04F79EFBC}") = "Unity.Services.Core.Telemetry", "Unity.Services.Core.Telemetry.csproj", "{5EA06886-4473-155E-9934-116573C067D1}"
EndProject
Project("{FAE04EC0-301F-11D3-BF4B-00C04F79EFBC}") = "Unity.VisualScripting.State", "Unity.VisualScripting.State.csproj", "{7878542E-B56A-9D66-471B-8246B43CA17A}"
EndProject
Project("{FAE04EC0-301F-11D3-BF4B-00C04F79EFBC}") = "Unity.VisualScripting.Core", "Unity.VisualScripting.Core.csproj", "{8582C3D4-1561-A043-67D2-22F60E4886D5}"
EndProject
Project("{FAE04EC0-301F-11D3-BF4B-00C04F79EFBC}") = "PhotonUnityNetworking.Demos", "PhotonUnityNetworking.Demos.csproj", "{C8EC4BA3-DF8D-0ED1-F628-349CEEA162CE}"
EndProject
Project("{FAE04EC0-301F-11D3-BF4B-00C04F79EFBC}") = "Unity.Services.Core.Environments.Internal", "Unity.Services.Core.Environments.Internal.csproj", "{F82F3770-1FF4-37DA-FFE1-AA7DEDFED3DE}"
EndProject
Project("{FAE04EC0-301F-11D3-BF4B-00C04F79EFBC}") = "Unity.TextMeshPro", "Unity.TextMeshPro.csproj", "{886B7E0E-1874-D735-A33B-716CA64ACA41}"
EndProject
Project("{FAE04EC0-301F-11D3-BF4B-00C04F79EFBC}") = "Unity.Timeline", "Unity.Timeline.csproj", "{6ABA7E4E-A692-BB7E-79AC-A3AD6106FF13}"
EndProject
Project("{FAE04EC0-301F-11D3-BF4B-00C04F79EFBC}") = "PhotonRealtime", "PhotonRealtime.csproj", "{896B17BB-24B0-D638-9DEF-B1E83E006AB3}"
EndProject
Project("{FAE04EC0-301F-11D3-BF4B-00C04F79EFBC}") = "Unity.Services.Core.Environments", "Unity.Services.Core.Environments.csproj", "{032ED6CE-5163-8427-51E3-822FA8B35458}"
EndProject
Project("{FAE04EC0-301F-11D3-BF4B-00C04F79EFBC}") = "Unity.Services.Core.Internal", "Unity.Services.Core.Internal.csproj", "{B57C1B10-FAD7-930C-8F8E-344CBE7D8ECB}"
EndProject
Project("{FAE04EC0-301F-11D3-BF4B-00C04F79EFBC}") = "PhotonUnityNetworking", "PhotonUnityNetworking.csproj", "{65F6DEE6-B8D1-F885-8FFE-6AE4C82F2F5C}"
EndProject
Project("{FAE04EC0-301F-11D3-BF4B-00C04F79EFBC}") = "PhotonUnityNetworking.Utilities", "PhotonUnityNetworking.Utilities.csproj", "{4BB1E486-5920-ADCD-AA0D-838ED2C9EB61}"
EndProject
Project("{FAE04EC0-301F-11D3-BF4B-00C04F79EFBC}") = "Unity.Services.Core.Analytics", "Unity.Services.Core.Analytics.csproj", "{4A0C940D-7931-6474-CFE9-0BF44DAAEE0D}"
EndProject
Project("{FAE04EC0-301F-11D3-BF4B-00C04F79EFBC}") = "Unity.Services.Core.Scheduler", "Unity.Services.Core.Scheduler.csproj", "{89BCFF13-A5D0-78CF-AC84-A649BB2BE5F3}"
EndProject
Project("{FAE04EC0-301F-11D3-BF4B-00C04F79EFBC}") = "Unity.Services.Core.Registration", "Unity.Services.Core.Registration.csproj", "{C198696B-4BA5-7B00-4003-7E480A897062}"
EndProject
Project("{FAE04EC0-301F-11D3-BF4B-00C04F79EFBC}") = "Unity.Services.Core.Device", "Unity.Services.Core.Device.csproj", "{A8437C73-813A-6181-F1C3-14ACAA7E178C}"
EndProject
Project("{FAE04EC0-301F-11D3-BF4B-00C04F79EFBC}") = "PhotonChat", "PhotonChat.csproj", "{F3A1B1FB-DC5E-0156-BB73-2DCE6B882E3A}"
EndProject
Project("{FAE04EC0-301F-11D3-BF4B-00C04F79EFBC}") = "Unity.Services.Core.Threading", "Unity.Services.Core.Threading.csproj", "{B65600DC-2112-DF5E-B5F4-F2F2C9D966D6}"
EndProject
Project("{FAE04EC0-301F-11D3-BF4B-00C04F79EFBC}") = "Unity.Services.Core.Networking", "Unity.Services.Core.Networking.csproj", "{4071049A-AE43-81E6-2908-DED1A1C274CC}"
EndProject
Project("{FAE04EC0-301F-11D3-BF4B-00C04F79EFBC}") = "Unity.Services.Core", "Unity.Services.Core.csproj", "{2784A3D2-884C-FF92-0BE8-4AD5239B60D1}"
EndProject
Project("{FAE04EC0-301F-11D3-BF4B-00C04F79EFBC}") = "Unity.Services.Core.Configuration", "Unity.Services.Core.Configuration.csproj", "{EACC7EF9-FCF2-8CB7-6FE1-017DC9FB21E7}"
EndProject
Project("{FAE04EC0-301F-11D3-BF4B-00C04F79EFBC}") = "Unity.PlasticSCM.Editor", "Unity.PlasticSCM.Editor.csproj", "{38F63E87-6F7C-39FA-9709-26F5CAF7C030}"
EndProject
Project("{FAE04EC0-301F-11D3-BF4B-00C04F79EFBC}") = "Unity.VisualScripting.Core.Editor", "Unity.VisualScripting.Core.Editor.csproj", "{DC156392-7715-9255-7211-EAA91DCA7F8E}"
EndProject
Project("{FAE04EC0-301F-11D3-BF4B-00C04F79EFBC}") = "Unity.VisualScripting.Flow.Editor", "Unity.VisualScripting.Flow.Editor.csproj", "{63D2DD59-82C5-9D7B-E9F1-E837252A3A97}"
EndProject
Project("{FAE04EC0-301F-11D3-BF4B-00C04F79EFBC}") = "Unity.VisualStudio.Editor", "Unity.VisualStudio.Editor.csproj", "{64540C4D-211C-A9C8-02FD-4E2B11FA7471}"
EndProject
Project("{FAE04EC0-301F-11D3-BF4B-00C04F79EFBC}") = "PhotonUnityNetworking.Editor", "PhotonUnityNetworking.Editor.csproj", "{48B40680-1BD7-F095-1F41-A46EFA8C9CF8}"
EndProject
Project("{FAE04EC0-301F-11D3-BF4B-00C04F79EFBC}") = "Unity.Timeline.Editor", "Unity.Timeline.Editor.csproj", "{F39328E4-46B3-9E59-B694-EF7DE796DBEA}"
EndProject
Project("{FAE04EC0-301F-11D3-BF4B-00C04F79EFBC}") = "Unity.VisualScripting.State.Editor", "Unity.VisualScripting.State.Editor.csproj", "{3927C075-350B-86A2-D8DF-B0006127A976}"
EndProject
Project("{FAE04EC0-301F-11D3-BF4B-00C04F79EFBC}") = "Unity.TextMeshPro.Editor", "Unity.TextMeshPro.Editor.csproj", "{03026F86-85EA-5371-50BB-4CE6A100F14B}"
EndProject
Project("{FAE04EC0-301F-11D3-BF4B-00C04F79EFBC}") = "Unity.VisualScripting.SettingsProvider.Editor", "Unity.VisualScripting.SettingsProvider.Editor.csproj", "{BB9F17FA-2730-00AC-8CCF-0245EB2AF1BF}"
EndProject
Project("{FAE04EC0-301F-11D3-BF4B-00C04F79EFBC}") = "Unity.CollabProxy.Editor", "Unity.CollabProxy.Editor.csproj", "{4557091D-ACEF-6A0A-9FDA-C4732982471E}"
EndProject
Project("{FAE04EC0-301F-11D3-BF4B-00C04F79EFBC}") = "UnityEditor.TestRunner", "UnityEditor.TestRunner.csproj", "{C94CF2BC-AF2C-78C1-3B1E-010D653403E4}"
EndProject
Project("{FAE04EC0-301F-11D3-BF4B-00C04F79EFBC}") = "Unity.Services.Core.Editor", "Unity.Services.Core.Editor.csproj", "{E08236D3-A6E3-203E-780A-903B39F94FBB}"
EndProject
Project("{FAE04EC0-301F-11D3-BF4B-00C04F79EFBC}") = "Unity.TestTools.CodeCoverage.Editor", "Unity.TestTools.CodeCoverage.Editor.csproj", "{E04FA780-0E67-DCAC-C83C-B8271179FDDE}"
EndProject
Project("{FAE04EC0-301F-11D3-BF4B-00C04F79EFBC}") = "Unity.Rider.Editor", "Unity.Rider.Editor.csproj", "{0F781566-8403-D680-710E-5268F0700EE6}"
EndProject
Project("{FAE04EC0-301F-11D3-BF4B-00C04F79EFBC}") = "Unity.Performance.Profile-Analyzer.Editor", "Unity.Performance.Profile-Analyzer.Editor.csproj", "{47EA3879-EC95-C3A1-8341-4658E35AC86D}"
EndProject
Project("{FAE04EC0-301F-11D3-BF4B-00C04F79EFBC}") = "Unity.SysrootPackage.Editor", "Unity.SysrootPackage.Editor.csproj", "{2EDD120E-D9AE-7F05-7B09-0DC1452DEFDB}"
EndProject
Project("{FAE04EC0-301F-11D3-BF4B-00C04F79EFBC}") = "Assembly-CSharp-Editor", "Assembly-CSharp-Editor.csproj", "{5EE0862B-8A9A-2D9A-CE36-2175C5FA7582}"
EndProject
Project("{FAE04EC0-301F-11D3-BF4B-00C04F79EFBC}") = "Unity.VSCode.Editor", "Unity.VSCode.Editor.csproj", "{FA7B5928-8FA7-E2CC-E9B6-436844B11CEF}"
EndProject
Project("{FAE04EC0-301F-11D3-BF4B-00C04F79EFBC}") = "Unity.Toolchain.Win-x86_64-Linux-x86_64", "Unity.Toolchain.Win-x86_64-Linux-x86_64.csproj", "{E3BA8EC7-C8B2-08E6-C364-5E6017A965BA}"
EndProject
Project("{FAE04EC0-301F-11D3-BF4B-00C04F79EFBC}") = "UnityEditor.UI", "UnityEditor.UI.csproj", "{4018F2BF-183C-7C04-6A91-84F9B123DEC5}"
EndProject
Project("{FAE04EC0-301F-11D3-BF4B-00C04F79EFBC}") = "Unity.TestTools.CodeCoverage.Editor.OpenCover.Model", "Unity.TestTools.CodeCoverage.Editor.OpenCover.Model.csproj", "{8974C86C-CF98-8316-7538-B08160CA5881}"
EndProject
Project("{FAE04EC0-301F-11D3-BF4B-00C04F79EFBC}") = "Unity.EditorCoroutines.Editor", "Unity.EditorCoroutines.Editor.csproj", "{CC97BA5C-1C4D-4621-1972-373B36AE7711}"
EndProject
Project("{FAE04EC0-301F-11D3-BF4B-00C04F79EFBC}") = "Unity.Settings.Editor", "Unity.Settings.Editor.csproj", "{DAE721C1-150D-0E36-89AC-D3162282E690}"
EndProject
Project("{FAE04EC0-301F-11D3-BF4B-00C04F79EFBC}") = "PhotonUnityNetworking.Utilities.PhotonPlayer.Editor", "PhotonUnityNetworking.Utilities.PhotonPlayer.Editor.csproj", "{5DA1CBD9-6E37-7DE9-9EAA-62AA037C3676}"
EndProject
Project("{FAE04EC0-301F-11D3-BF4B-00C04F79EFBC}") = "Unity.Services.Core.Configuration.Editor", "Unity.Services.Core.Configuration.Editor.csproj", "{44C5AD47-9EC6-2D11-EEC3-A7F1B009DA6C}"
EndProject
Project("{FAE04EC0-301F-11D3-BF4B-00C04F79EFBC}") = "PunDemos.DemoSlotcarEditor", "PunDemos.DemoSlotcarEditor.csproj", "{F8DF2741-629B-A5CD-A8C4-D687F29F389F}"
EndProject
Project("{FAE04EC0-301F-11D3-BF4B-00C04F79EFBC}") = "PhotonUnityNetworking.Utilities.Culling.Editor", "PhotonUnityNetworking.Utilities.Culling.Editor.csproj", "{FA8E2D74-D214-7FB0-9E8A-3AEE90E52E74}"
EndProject
Project("{FAE04EC0-301F-11D3-BF4B-00C04F79EFBC}") = "PunDemos.DemoHubEditor", "PunDemos.DemoHubEditor.csproj", "{308272F1-9644-81EF-9774-D6DE2BB51366}"
EndProject
Project("{FAE04EC0-301F-11D3-BF4B-00C04F79EFBC}") = "Unity.TestTools.CodeCoverage.Editor.OpenCover.Mono.Reflection", "Unity.TestTools.CodeCoverage.Editor.OpenCover.Mono.Reflection.csproj", "{8B14E8E4-06AE-8CA0-C783-212A8BE02E4B}"
EndProject
Project("{FAE04EC0-301F-11D3-BF4B-00C04F79EFBC}") = "Unity.Sysroot.Linux_x86_64", "Unity.Sysroot.Linux_x86_64.csproj", "{B5B82699-B546-5BEA-6EB3-EB3FB16A0413}"
EndProject
Project("{FAE04EC0-301F-11D3-BF4B-00C04F79EFBC}") = "Unity.VisualScripting.Shared.Editor", "Unity.VisualScripting.Shared.Editor.csproj", "{3515E7A4-CBE6-8F74-BCF5-1EBBF57C9243}"
EndProject
Project("{FAE04EC0-301F-11D3-BF4B-00C04F79EFBC}") = "UnityEngine.UI.Player", "UnityEngine.UI.Player.csproj", "{EB505FDD-5C9E-AC29-3D8D-FC3A6D94ED5D}"
EndProject
Project("{FAE04EC0-301F-11D3-BF4B-00C04F79EFBC}") = "Assembly-CSharp.Player", "Assembly-CSharp.Player.csproj", "{A0539A98-FFDF-49F3-DBD3-6DEFCACF803B}"
EndProject
Project("{FAE04EC0-301F-11D3-BF4B-00C04F79EFBC}") = "UnityEngine.TestRunner.Player", "UnityEngine.TestRunner.Player.csproj", "{802B62C7-94CF-232F-B05F-91C4F5EC8C4D}"
EndProject
Project("{FAE04EC0-301F-11D3-BF4B-00C04F79EFBC}") = "Unity.VisualScripting.Flow.Player", "Unity.VisualScripting.Flow.Player.csproj", "{DB1B8C15-46C3-24E2-B97C-7FAEDC45D5BB}"
EndProject
Project("{FAE04EC0-301F-11D3-BF4B-00C04F79EFBC}") = "Unity.Services.Core.Telemetry.Player", "Unity.Services.Core.Telemetry.Player.csproj", "{79120478-CEA2-6B82-0B7A-596A77F8CB1B}"
EndProject
Project("{FAE04EC0-301F-11D3-BF4B-00C04F79EFBC}") = "Unity.VisualScripting.State.Player", "Unity.VisualScripting.State.Player.csproj", "{88A67E93-B3EF-F4E3-293D-FBF5DA8C2FFE}"
EndProject
Project("{FAE04EC0-301F-11D3-BF4B-00C04F79EFBC}") = "Unity.VisualScripting.Core.Player", "Unity.VisualScripting.Core.Player.csproj", "{FC22AA72-804B-D6B0-D4FD-588D98C31AFA}"
EndProject
Project("{FAE04EC0-301F-11D3-BF4B-00C04F79EFBC}") = "PhotonUnityNetworking.Demos.Player", "PhotonUnityNetworking.Demos.Player.csproj", "{24BBCAD9-3154-4967-708E-2071D6CB17EE}"
EndProject
Project("{FAE04EC0-301F-11D3-BF4B-00C04F79EFBC}") = "Unity.Services.Core.Environments.Internal.Player", "Unity.Services.Core.Environments.Internal.Player.csproj", "{17A6A712-5729-D945-7749-449AB3C13BB2}"
EndProject
Project("{FAE04EC0-301F-11D3-BF4B-00C04F79EFBC}") = "Unity.TextMeshPro", "Unity.TextMeshPro.Player.csproj", "{A0692949-23CC-44C9-4491-C9054D0F3D5A}"
EndProject
Project("{FAE04EC0-301F-11D3-BF4B-00C04F79EFBC}") = "Unity.Timeline.Player", "Unity.Timeline.Player.csproj", "{94A70996-3E31-8A7D-805D-F3EA6F1A0CA7}"
EndProject
Project("{FAE04EC0-301F-11D3-BF4B-00C04F79EFBC}") = "PhotonRealtime.Player", "PhotonRealtime.Player.csproj", "{87F3DC52-00FC-7253-1B7E-6ABEA4B80618}"
EndProject
Project("{FAE04EC0-301F-11D3-BF4B-00C04F79EFBC}") = "Unity.Services.Core.Environments.Player", "Unity.Services.Core.Environments.Player.csproj", "{40B66231-7F57-0BFF-1EF2-9464DA8FE079}"
EndProject
Project("{FAE04EC0-301F-11D3-BF4B-00C04F79EFBC}") = "Unity.Services.Core.Internal.Player", "Unity.Services.Core.Internal.Player.csproj", "{8B823683-17F7-32F4-943A-5CE9584FBC33}"
EndProject
Project("{FAE04EC0-301F-11D3-BF4B-00C04F79EFBC}") = "PhotonUnityNetworking.Player", "PhotonUnityNetworking.Player.csproj", "{972D5017-6497-A784-5038-C95D36428F25}"
EndProject
Project("{FAE04EC0-301F-11D3-BF4B-00C04F79EFBC}") = "PhotonUnityNetworking.Utilities.Player", "PhotonUnityNetworking.Utilities.Player.csproj", "{A4851873-6095-EACE-A83F-A85DDD640908}"
EndProject
Project("{FAE04EC0-301F-11D3-BF4B-00C04F79EFBC}") = "Unity.Services.Core.Analytics", "Unity.Services.Core.Analytics.Player.csproj", "{27406E98-D42D-4E87-D315-1684D848593B}"
EndProject
Project("{FAE04EC0-301F-11D3-BF4B-00C04F79EFBC}") = "Unity.Services.Core.Scheduler", "Unity.Services.Core.Scheduler.Player.csproj", "{C3AF37BB-B24C-A04E-FE99-085AF57559FB}"
EndProject
Project("{FAE04EC0-301F-11D3-BF4B-00C04F79EFBC}") = "Unity.Services.Core.Registration.Player", "Unity.Services.Core.Registration.Player.csproj", "{9BD6E34A-4B19-33AB-469D-C5CF3F73DC8C}"
EndProject
Project("{FAE04EC0-301F-11D3-BF4B-00C04F79EFBC}") = "Unity.Services.Core.Device.Player", "Unity.Services.Core.Device.Player.csproj", "{FC8B8A26-459C-1821-73E6-DAAF3D845868}"
EndProject
Project("{FAE04EC0-301F-11D3-BF4B-00C04F79EFBC}") = "PhotonChat", "PhotonChat.Player.csproj", "{F50DAA73-C4B4-D271-E879-59679CC4905E}"
EndProject
Project("{FAE04EC0-301F-11D3-BF4B-00C04F79EFBC}") = "Unity.Services.Core.Threading.Player", "Unity.Services.Core.Threading.Player.csproj", "{1321DC3E-07F1-03B1-9FD4-1E5E6D448251}"
EndProject
Project("{FAE04EC0-301F-11D3-BF4B-00C04F79EFBC}") = "Unity.Services.Core.Networking.Player", "Unity.Services.Core.Networking.Player.csproj", "{6F99DDA7-9962-DF4D-2CA9-6E552BA0F5C7}"
EndProject
Project("{FAE04EC0-301F-11D3-BF4B-00C04F79EFBC}") = "Unity.Services.Core.Player", "Unity.Services.Core.Player.csproj", "{D2A6EAE7-3672-5DA7-A990-F600CD2BE7B1}"
EndProject
Project("{FAE04EC0-301F-11D3-BF4B-00C04F79EFBC}") = "Unity.Services.Core.Configuration.Player", "Unity.Services.Core.Configuration.Player.csproj", "{0421EC4F-7076-5A14-EF28-DD1BCF19539B}"
EndProject
Project("{FAE04EC0-301F-11D3-BF4B-00C04F79EFBC}") = "Unity.PlasticSCM.EditorTests", "Unity.PlasticSCM.EditorTests.csproj", "{79ADF3E1-84E6-5C89-F497-7CF7212FC7C6}"
EndProject
Project("{FAE04EC0-301F-11D3-BF4B-00C04F79EFBC}") = "Unity.TestTools.CodeCoverage.Editor.Compatibility", "Unity.TestTools.CodeCoverage.Editor.Compatibility.csproj", "{56FD593E-FBA9-6DFE-5D53-3E5509BE056A}"
EndProject
Project("{FAE04EC0-301F-11D3-BF4B-00C04F79EFBC}") = "Unity.TextMeshPro.Editor.Tests", "Unity.TextMeshPro.Editor.Tests.csproj", "{C4917151-945D-6161-8932-FFD40BEE1221}"
EndProject
Project("{FAE04EC0-301F-11D3-BF4B-00C04F79EFBC}") = "DocCodeExamples", "DocCodeExamples.csproj", "{52D58439-973E-A3C3-0959-A81414DD0918}"
EndProject
Project("{FAE04EC0-301F-11D3-BF4B-00C04F79EFBC}") = "Unity.Performance.Profile-Analyzer.EditorTests", "Unity.Performance.Profile-Analyzer.EditorTests.csproj", "{CB5C4466-A093-6DCE-C386-2AD612819517}"
EndProject
Project("{FAE04EC0-301F-11D3-BF4B-00C04F79EFBC}") = "Unity.CollabProxy.EditorTests", "Unity.CollabProxy.EditorTests.csproj", "{53BCB15F-8951-616C-1DF4-7A0579A0502D}"
EndProject
Project("{FAE04EC0-301F-11D3-BF4B-00C04F79EFBC}") = "Unity.Settings.Tests", "Unity.Settings.Tests.csproj", "{3C633C6B-59C8-A152-BB42-8EA5DADF57DE}"
EndProject
Project("{FAE04EC0-301F-11D3-BF4B-00C04F79EFBC}") = "UnityEngine.UI.Tests", "UnityEngine.UI.Tests.csproj", "{391C3EC9-F229-E159-FB06-28F31F2A8470}"
EndProject
Project("{FAE04EC0-301F-11D3-BF4B-00C04F79EFBC}") = "Unity.Sysroot.Linux_x86_64.EditorTests", "Unity.Sysroot.Linux_x86_64.EditorTests.csproj", "{B028F77F-3358-C1F7-0F0F-E51468573571}"
EndProject
Project("{FAE04EC0-301F-11D3-BF4B-00C04F79EFBC}") = "Unity.Sysroot.EditorTests", "Unity.Sysroot.EditorTests.csproj", "{691D727A-9D40-C2C0-C4C0-275CE27E6B56}"
EndProject
Project("{FAE04EC0-301F-11D3-BF4B-00C04F79EFBC}") = "Unity.TextMeshPro.Tests", "Unity.TextMeshPro.Tests.csproj", "{55311E15-E628-9B2D-74A8-CBB03EFCA2C9}"
EndProject
Project("{FAE04EC0-301F-11D3-BF4B-00C04F79EFBC}") = "UnityEditor.UI.EditorTests", "UnityEditor.UI.EditorTests.csproj", "{288A8934-6FEE-8B26-7B1E-5CA3DF23712E}"
EndProject
Project("{FAE04EC0-301F-11D3-BF4B-00C04F79EFBC}") = "Unity.Toolchain.Win-x86_64-Linux-x86_64.EditorTests", "Unity.Toolchain.Win-x86_64-Linux-x86_64.EditorTests.csproj", "{DBA9EE62-F08A-121F-AD88-CCBDF1ED75B8}"
EndProject
Global
	GlobalSection(SolutionConfigurationPlatforms) = preSolution
		Debug|Any CPU = Debug|Any CPU
	EndGlobalSection
	GlobalSection(ProjectConfigurationPlatforms) = postSolution
		{8E10FA70-B8A2-CC5C-FE26-6C97B580C2F1}.Debug|Any CPU.ActiveCfg = Debug|Any CPU
		{8E10FA70-B8A2-CC5C-FE26-6C97B580C2F1}.Debug|Any CPU.Build.0 = Debug|Any CPU
		{8DEA2A83-20D3-BCD3-69D6-835896A69D33}.Debug|Any CPU.ActiveCfg = Debug|Any CPU
		{8DEA2A83-20D3-BCD3-69D6-835896A69D33}.Debug|Any CPU.Build.0 = Debug|Any CPU
		{E1EED11E-FF1B-7714-31F4-38FBCC1FD83D}.Debug|Any CPU.ActiveCfg = Debug|Any CPU
		{E1EED11E-FF1B-7714-31F4-38FBCC1FD83D}.Debug|Any CPU.Build.0 = Debug|Any CPU
		{69753076-7215-050E-2492-1380B75C945A}.Debug|Any CPU.ActiveCfg = Debug|Any CPU
		{69753076-7215-050E-2492-1380B75C945A}.Debug|Any CPU.Build.0 = Debug|Any CPU
		{5EA06886-4473-155E-9934-116573C067D1}.Debug|Any CPU.ActiveCfg = Debug|Any CPU
		{5EA06886-4473-155E-9934-116573C067D1}.Debug|Any CPU.Build.0 = Debug|Any CPU
		{7878542E-B56A-9D66-471B-8246B43CA17A}.Debug|Any CPU.ActiveCfg = Debug|Any CPU
		{7878542E-B56A-9D66-471B-8246B43CA17A}.Debug|Any CPU.Build.0 = Debug|Any CPU
		{8582C3D4-1561-A043-67D2-22F60E4886D5}.Debug|Any CPU.ActiveCfg = Debug|Any CPU
		{8582C3D4-1561-A043-67D2-22F60E4886D5}.Debug|Any CPU.Build.0 = Debug|Any CPU
		{C8EC4BA3-DF8D-0ED1-F628-349CEEA162CE}.Debug|Any CPU.ActiveCfg = Debug|Any CPU
		{C8EC4BA3-DF8D-0ED1-F628-349CEEA162CE}.Debug|Any CPU.Build.0 = Debug|Any CPU
		{F82F3770-1FF4-37DA-FFE1-AA7DEDFED3DE}.Debug|Any CPU.ActiveCfg = Debug|Any CPU
		{F82F3770-1FF4-37DA-FFE1-AA7DEDFED3DE}.Debug|Any CPU.Build.0 = Debug|Any CPU
		{886B7E0E-1874-D735-A33B-716CA64ACA41}.Debug|Any CPU.ActiveCfg = Debug|Any CPU
		{886B7E0E-1874-D735-A33B-716CA64ACA41}.Debug|Any CPU.Build.0 = Debug|Any CPU
		{6ABA7E4E-A692-BB7E-79AC-A3AD6106FF13}.Debug|Any CPU.ActiveCfg = Debug|Any CPU
		{6ABA7E4E-A692-BB7E-79AC-A3AD6106FF13}.Debug|Any CPU.Build.0 = Debug|Any CPU
		{896B17BB-24B0-D638-9DEF-B1E83E006AB3}.Debug|Any CPU.ActiveCfg = Debug|Any CPU
		{896B17BB-24B0-D638-9DEF-B1E83E006AB3}.Debug|Any CPU.Build.0 = Debug|Any CPU
		{032ED6CE-5163-8427-51E3-822FA8B35458}.Debug|Any CPU.ActiveCfg = Debug|Any CPU
		{032ED6CE-5163-8427-51E3-822FA8B35458}.Debug|Any CPU.Build.0 = Debug|Any CPU
		{B57C1B10-FAD7-930C-8F8E-344CBE7D8ECB}.Debug|Any CPU.ActiveCfg = Debug|Any CPU
		{B57C1B10-FAD7-930C-8F8E-344CBE7D8ECB}.Debug|Any CPU.Build.0 = Debug|Any CPU
		{65F6DEE6-B8D1-F885-8FFE-6AE4C82F2F5C}.Debug|Any CPU.ActiveCfg = Debug|Any CPU
		{65F6DEE6-B8D1-F885-8FFE-6AE4C82F2F5C}.Debug|Any CPU.Build.0 = Debug|Any CPU
		{4BB1E486-5920-ADCD-AA0D-838ED2C9EB61}.Debug|Any CPU.ActiveCfg = Debug|Any CPU
		{4BB1E486-5920-ADCD-AA0D-838ED2C9EB61}.Debug|Any CPU.Build.0 = Debug|Any CPU
		{4A0C940D-7931-6474-CFE9-0BF44DAAEE0D}.Debug|Any CPU.ActiveCfg = Debug|Any CPU
		{4A0C940D-7931-6474-CFE9-0BF44DAAEE0D}.Debug|Any CPU.Build.0 = Debug|Any CPU
		{89BCFF13-A5D0-78CF-AC84-A649BB2BE5F3}.Debug|Any CPU.ActiveCfg = Debug|Any CPU
		{89BCFF13-A5D0-78CF-AC84-A649BB2BE5F3}.Debug|Any CPU.Build.0 = Debug|Any CPU
		{C198696B-4BA5-7B00-4003-7E480A897062}.Debug|Any CPU.ActiveCfg = Debug|Any CPU
		{C198696B-4BA5-7B00-4003-7E480A897062}.Debug|Any CPU.Build.0 = Debug|Any CPU
		{A8437C73-813A-6181-F1C3-14ACAA7E178C}.Debug|Any CPU.ActiveCfg = Debug|Any CPU
		{A8437C73-813A-6181-F1C3-14ACAA7E178C}.Debug|Any CPU.Build.0 = Debug|Any CPU
		{F3A1B1FB-DC5E-0156-BB73-2DCE6B882E3A}.Debug|Any CPU.ActiveCfg = Debug|Any CPU
		{F3A1B1FB-DC5E-0156-BB73-2DCE6B882E3A}.Debug|Any CPU.Build.0 = Debug|Any CPU
		{B65600DC-2112-DF5E-B5F4-F2F2C9D966D6}.Debug|Any CPU.ActiveCfg = Debug|Any CPU
		{B65600DC-2112-DF5E-B5F4-F2F2C9D966D6}.Debug|Any CPU.Build.0 = Debug|Any CPU
		{4071049A-AE43-81E6-2908-DED1A1C274CC}.Debug|Any CPU.ActiveCfg = Debug|Any CPU
		{4071049A-AE43-81E6-2908-DED1A1C274CC}.Debug|Any CPU.Build.0 = Debug|Any CPU
		{2784A3D2-884C-FF92-0BE8-4AD5239B60D1}.Debug|Any CPU.ActiveCfg = Debug|Any CPU
		{2784A3D2-884C-FF92-0BE8-4AD5239B60D1}.Debug|Any CPU.Build.0 = Debug|Any CPU
		{EACC7EF9-FCF2-8CB7-6FE1-017DC9FB21E7}.Debug|Any CPU.ActiveCfg = Debug|Any CPU
		{EACC7EF9-FCF2-8CB7-6FE1-017DC9FB21E7}.Debug|Any CPU.Build.0 = Debug|Any CPU
		{38F63E87-6F7C-39FA-9709-26F5CAF7C030}.Debug|Any CPU.ActiveCfg = Debug|Any CPU
		{38F63E87-6F7C-39FA-9709-26F5CAF7C030}.Debug|Any CPU.Build.0 = Debug|Any CPU
		{DC156392-7715-9255-7211-EAA91DCA7F8E}.Debug|Any CPU.ActiveCfg = Debug|Any CPU
		{DC156392-7715-9255-7211-EAA91DCA7F8E}.Debug|Any CPU.Build.0 = Debug|Any CPU
		{63D2DD59-82C5-9D7B-E9F1-E837252A3A97}.Debug|Any CPU.ActiveCfg = Debug|Any CPU
		{63D2DD59-82C5-9D7B-E9F1-E837252A3A97}.Debug|Any CPU.Build.0 = Debug|Any CPU
		{64540C4D-211C-A9C8-02FD-4E2B11FA7471}.Debug|Any CPU.ActiveCfg = Debug|Any CPU
		{64540C4D-211C-A9C8-02FD-4E2B11FA7471}.Debug|Any CPU.Build.0 = Debug|Any CPU
		{48B40680-1BD7-F095-1F41-A46EFA8C9CF8}.Debug|Any CPU.ActiveCfg = Debug|Any CPU
		{48B40680-1BD7-F095-1F41-A46EFA8C9CF8}.Debug|Any CPU.Build.0 = Debug|Any CPU
		{F39328E4-46B3-9E59-B694-EF7DE796DBEA}.Debug|Any CPU.ActiveCfg = Debug|Any CPU
		{F39328E4-46B3-9E59-B694-EF7DE796DBEA}.Debug|Any CPU.Build.0 = Debug|Any CPU
		{3927C075-350B-86A2-D8DF-B0006127A976}.Debug|Any CPU.ActiveCfg = Debug|Any CPU
		{3927C075-350B-86A2-D8DF-B0006127A976}.Debug|Any CPU.Build.0 = Debug|Any CPU
		{03026F86-85EA-5371-50BB-4CE6A100F14B}.Debug|Any CPU.ActiveCfg = Debug|Any CPU
		{03026F86-85EA-5371-50BB-4CE6A100F14B}.Debug|Any CPU.Build.0 = Debug|Any CPU
		{BB9F17FA-2730-00AC-8CCF-0245EB2AF1BF}.Debug|Any CPU.ActiveCfg = Debug|Any CPU
		{BB9F17FA-2730-00AC-8CCF-0245EB2AF1BF}.Debug|Any CPU.Build.0 = Debug|Any CPU
		{4557091D-ACEF-6A0A-9FDA-C4732982471E}.Debug|Any CPU.ActiveCfg = Debug|Any CPU
		{4557091D-ACEF-6A0A-9FDA-C4732982471E}.Debug|Any CPU.Build.0 = Debug|Any CPU
		{C94CF2BC-AF2C-78C1-3B1E-010D653403E4}.Debug|Any CPU.ActiveCfg = Debug|Any CPU
		{C94CF2BC-AF2C-78C1-3B1E-010D653403E4}.Debug|Any CPU.Build.0 = Debug|Any CPU
		{E08236D3-A6E3-203E-780A-903B39F94FBB}.Debug|Any CPU.ActiveCfg = Debug|Any CPU
		{E08236D3-A6E3-203E-780A-903B39F94FBB}.Debug|Any CPU.Build.0 = Debug|Any CPU
		{E04FA780-0E67-DCAC-C83C-B8271179FDDE}.Debug|Any CPU.ActiveCfg = Debug|Any CPU
		{E04FA780-0E67-DCAC-C83C-B8271179FDDE}.Debug|Any CPU.Build.0 = Debug|Any CPU
		{0F781566-8403-D680-710E-5268F0700EE6}.Debug|Any CPU.ActiveCfg = Debug|Any CPU
		{0F781566-8403-D680-710E-5268F0700EE6}.Debug|Any CPU.Build.0 = Debug|Any CPU
		{47EA3879-EC95-C3A1-8341-4658E35AC86D}.Debug|Any CPU.ActiveCfg = Debug|Any CPU
		{47EA3879-EC95-C3A1-8341-4658E35AC86D}.Debug|Any CPU.Build.0 = Debug|Any CPU
		{2EDD120E-D9AE-7F05-7B09-0DC1452DEFDB}.Debug|Any CPU.ActiveCfg = Debug|Any CPU
		{2EDD120E-D9AE-7F05-7B09-0DC1452DEFDB}.Debug|Any CPU.Build.0 = Debug|Any CPU
		{5EE0862B-8A9A-2D9A-CE36-2175C5FA7582}.Debug|Any CPU.ActiveCfg = Debug|Any CPU
		{5EE0862B-8A9A-2D9A-CE36-2175C5FA7582}.Debug|Any CPU.Build.0 = Debug|Any CPU
		{FA7B5928-8FA7-E2CC-E9B6-436844B11CEF}.Debug|Any CPU.ActiveCfg = Debug|Any CPU
		{FA7B5928-8FA7-E2CC-E9B6-436844B11CEF}.Debug|Any CPU.Build.0 = Debug|Any CPU
		{E3BA8EC7-C8B2-08E6-C364-5E6017A965BA}.Debug|Any CPU.ActiveCfg = Debug|Any CPU
		{E3BA8EC7-C8B2-08E6-C364-5E6017A965BA}.Debug|Any CPU.Build.0 = Debug|Any CPU
		{4018F2BF-183C-7C04-6A91-84F9B123DEC5}.Debug|Any CPU.ActiveCfg = Debug|Any CPU
		{4018F2BF-183C-7C04-6A91-84F9B123DEC5}.Debug|Any CPU.Build.0 = Debug|Any CPU
		{8974C86C-CF98-8316-7538-B08160CA5881}.Debug|Any CPU.ActiveCfg = Debug|Any CPU
		{8974C86C-CF98-8316-7538-B08160CA5881}.Debug|Any CPU.Build.0 = Debug|Any CPU
		{CC97BA5C-1C4D-4621-1972-373B36AE7711}.Debug|Any CPU.ActiveCfg = Debug|Any CPU
		{CC97BA5C-1C4D-4621-1972-373B36AE7711}.Debug|Any CPU.Build.0 = Debug|Any CPU
		{DAE721C1-150D-0E36-89AC-D3162282E690}.Debug|Any CPU.ActiveCfg = Debug|Any CPU
		{DAE721C1-150D-0E36-89AC-D3162282E690}.Debug|Any CPU.Build.0 = Debug|Any CPU
		{5DA1CBD9-6E37-7DE9-9EAA-62AA037C3676}.Debug|Any CPU.ActiveCfg = Debug|Any CPU
		{5DA1CBD9-6E37-7DE9-9EAA-62AA037C3676}.Debug|Any CPU.Build.0 = Debug|Any CPU
		{44C5AD47-9EC6-2D11-EEC3-A7F1B009DA6C}.Debug|Any CPU.ActiveCfg = Debug|Any CPU
		{44C5AD47-9EC6-2D11-EEC3-A7F1B009DA6C}.Debug|Any CPU.Build.0 = Debug|Any CPU
		{F8DF2741-629B-A5CD-A8C4-D687F29F389F}.Debug|Any CPU.ActiveCfg = Debug|Any CPU
		{F8DF2741-629B-A5CD-A8C4-D687F29F389F}.Debug|Any CPU.Build.0 = Debug|Any CPU
		{FA8E2D74-D214-7FB0-9E8A-3AEE90E52E74}.Debug|Any CPU.ActiveCfg = Debug|Any CPU
		{FA8E2D74-D214-7FB0-9E8A-3AEE90E52E74}.Debug|Any CPU.Build.0 = Debug|Any CPU
		{308272F1-9644-81EF-9774-D6DE2BB51366}.Debug|Any CPU.ActiveCfg = Debug|Any CPU
		{308272F1-9644-81EF-9774-D6DE2BB51366}.Debug|Any CPU.Build.0 = Debug|Any CPU
		{8B14E8E4-06AE-8CA0-C783-212A8BE02E4B}.Debug|Any CPU.ActiveCfg = Debug|Any CPU
		{8B14E8E4-06AE-8CA0-C783-212A8BE02E4B}.Debug|Any CPU.Build.0 = Debug|Any CPU
		{B5B82699-B546-5BEA-6EB3-EB3FB16A0413}.Debug|Any CPU.ActiveCfg = Debug|Any CPU
		{B5B82699-B546-5BEA-6EB3-EB3FB16A0413}.Debug|Any CPU.Build.0 = Debug|Any CPU
		{3515E7A4-CBE6-8F74-BCF5-1EBBF57C9243}.Debug|Any CPU.ActiveCfg = Debug|Any CPU
		{3515E7A4-CBE6-8F74-BCF5-1EBBF57C9243}.Debug|Any CPU.Build.0 = Debug|Any CPU
		{EB505FDD-5C9E-AC29-3D8D-FC3A6D94ED5D}.Debug|Any CPU.ActiveCfg = Debug|Any CPU
		{EB505FDD-5C9E-AC29-3D8D-FC3A6D94ED5D}.Debug|Any CPU.Build.0 = Debug|Any CPU
		{A0539A98-FFDF-49F3-DBD3-6DEFCACF803B}.Debug|Any CPU.ActiveCfg = Debug|Any CPU
		{A0539A98-FFDF-49F3-DBD3-6DEFCACF803B}.Debug|Any CPU.Build.0 = Debug|Any CPU
		{802B62C7-94CF-232F-B05F-91C4F5EC8C4D}.Debug|Any CPU.ActiveCfg = Debug|Any CPU
		{802B62C7-94CF-232F-B05F-91C4F5EC8C4D}.Debug|Any CPU.Build.0 = Debug|Any CPU
		{DB1B8C15-46C3-24E2-B97C-7FAEDC45D5BB}.Debug|Any CPU.ActiveCfg = Debug|Any CPU
		{DB1B8C15-46C3-24E2-B97C-7FAEDC45D5BB}.Debug|Any CPU.Build.0 = Debug|Any CPU
		{79120478-CEA2-6B82-0B7A-596A77F8CB1B}.Debug|Any CPU.ActiveCfg = Debug|Any CPU
		{79120478-CEA2-6B82-0B7A-596A77F8CB1B}.Debug|Any CPU.Build.0 = Debug|Any CPU
		{88A67E93-B3EF-F4E3-293D-FBF5DA8C2FFE}.Debug|Any CPU.ActiveCfg = Debug|Any CPU
		{88A67E93-B3EF-F4E3-293D-FBF5DA8C2FFE}.Debug|Any CPU.Build.0 = Debug|Any CPU
		{FC22AA72-804B-D6B0-D4FD-588D98C31AFA}.Debug|Any CPU.ActiveCfg = Debug|Any CPU
		{FC22AA72-804B-D6B0-D4FD-588D98C31AFA}.Debug|Any CPU.Build.0 = Debug|Any CPU
		{24BBCAD9-3154-4967-708E-2071D6CB17EE}.Debug|Any CPU.ActiveCfg = Debug|Any CPU
		{24BBCAD9-3154-4967-708E-2071D6CB17EE}.Debug|Any CPU.Build.0 = Debug|Any CPU
		{17A6A712-5729-D945-7749-449AB3C13BB2}.Debug|Any CPU.ActiveCfg = Debug|Any CPU
		{17A6A712-5729-D945-7749-449AB3C13BB2}.Debug|Any CPU.Build.0 = Debug|Any CPU
		{A0692949-23CC-44C9-4491-C9054D0F3D5A}.Debug|Any CPU.ActiveCfg = Debug|Any CPU
		{A0692949-23CC-44C9-4491-C9054D0F3D5A}.Debug|Any CPU.Build.0 = Debug|Any CPU
		{94A70996-3E31-8A7D-805D-F3EA6F1A0CA7}.Debug|Any CPU.ActiveCfg = Debug|Any CPU
		{94A70996-3E31-8A7D-805D-F3EA6F1A0CA7}.Debug|Any CPU.Build.0 = Debug|Any CPU
		{87F3DC52-00FC-7253-1B7E-6ABEA4B80618}.Debug|Any CPU.ActiveCfg = Debug|Any CPU
		{87F3DC52-00FC-7253-1B7E-6ABEA4B80618}.Debug|Any CPU.Build.0 = Debug|Any CPU
		{40B66231-7F57-0BFF-1EF2-9464DA8FE079}.Debug|Any CPU.ActiveCfg = Debug|Any CPU
		{40B66231-7F57-0BFF-1EF2-9464DA8FE079}.Debug|Any CPU.Build.0 = Debug|Any CPU
		{8B823683-17F7-32F4-943A-5CE9584FBC33}.Debug|Any CPU.ActiveCfg = Debug|Any CPU
		{8B823683-17F7-32F4-943A-5CE9584FBC33}.Debug|Any CPU.Build.0 = Debug|Any CPU
		{972D5017-6497-A784-5038-C95D36428F25}.Debug|Any CPU.ActiveCfg = Debug|Any CPU
		{972D5017-6497-A784-5038-C95D36428F25}.Debug|Any CPU.Build.0 = Debug|Any CPU
		{A4851873-6095-EACE-A83F-A85DDD640908}.Debug|Any CPU.ActiveCfg = Debug|Any CPU
		{A4851873-6095-EACE-A83F-A85DDD640908}.Debug|Any CPU.Build.0 = Debug|Any CPU
		{27406E98-D42D-4E87-D315-1684D848593B}.Debug|Any CPU.ActiveCfg = Debug|Any CPU
		{27406E98-D42D-4E87-D315-1684D848593B}.Debug|Any CPU.Build.0 = Debug|Any CPU
		{C3AF37BB-B24C-A04E-FE99-085AF57559FB}.Debug|Any CPU.ActiveCfg = Debug|Any CPU
		{C3AF37BB-B24C-A04E-FE99-085AF57559FB}.Debug|Any CPU.Build.0 = Debug|Any CPU
		{9BD6E34A-4B19-33AB-469D-C5CF3F73DC8C}.Debug|Any CPU.ActiveCfg = Debug|Any CPU
		{9BD6E34A-4B19-33AB-469D-C5CF3F73DC8C}.Debug|Any CPU.Build.0 = Debug|Any CPU
		{FC8B8A26-459C-1821-73E6-DAAF3D845868}.Debug|Any CPU.ActiveCfg = Debug|Any CPU
		{FC8B8A26-459C-1821-73E6-DAAF3D845868}.Debug|Any CPU.Build.0 = Debug|Any CPU
		{F50DAA73-C4B4-D271-E879-59679CC4905E}.Debug|Any CPU.ActiveCfg = Debug|Any CPU
		{F50DAA73-C4B4-D271-E879-59679CC4905E}.Debug|Any CPU.Build.0 = Debug|Any CPU
		{1321DC3E-07F1-03B1-9FD4-1E5E6D448251}.Debug|Any CPU.ActiveCfg = Debug|Any CPU
		{1321DC3E-07F1-03B1-9FD4-1E5E6D448251}.Debug|Any CPU.Build.0 = Debug|Any CPU
		{6F99DDA7-9962-DF4D-2CA9-6E552BA0F5C7}.Debug|Any CPU.ActiveCfg = Debug|Any CPU
		{6F99DDA7-9962-DF4D-2CA9-6E552BA0F5C7}.Debug|Any CPU.Build.0 = Debug|Any CPU
		{D2A6EAE7-3672-5DA7-A990-F600CD2BE7B1}.Debug|Any CPU.ActiveCfg = Debug|Any CPU
		{D2A6EAE7-3672-5DA7-A990-F600CD2BE7B1}.Debug|Any CPU.Build.0 = Debug|Any CPU
		{0421EC4F-7076-5A14-EF28-DD1BCF19539B}.Debug|Any CPU.ActiveCfg = Debug|Any CPU
		{0421EC4F-7076-5A14-EF28-DD1BCF19539B}.Debug|Any CPU.Build.0 = Debug|Any CPU
		{79ADF3E1-84E6-5C89-F497-7CF7212FC7C6}.Debug|Any CPU.ActiveCfg = Debug|Any CPU
		{79ADF3E1-84E6-5C89-F497-7CF7212FC7C6}.Debug|Any CPU.Build.0 = Debug|Any CPU
		{56FD593E-FBA9-6DFE-5D53-3E5509BE056A}.Debug|Any CPU.ActiveCfg = Debug|Any CPU
		{56FD593E-FBA9-6DFE-5D53-3E5509BE056A}.Debug|Any CPU.Build.0 = Debug|Any CPU
		{C4917151-945D-6161-8932-FFD40BEE1221}.Debug|Any CPU.ActiveCfg = Debug|Any CPU
		{C4917151-945D-6161-8932-FFD40BEE1221}.Debug|Any CPU.Build.0 = Debug|Any CPU
		{52D58439-973E-A3C3-0959-A81414DD0918}.Debug|Any CPU.ActiveCfg = Debug|Any CPU
		{52D58439-973E-A3C3-0959-A81414DD0918}.Debug|Any CPU.Build.0 = Debug|Any CPU
		{CB5C4466-A093-6DCE-C386-2AD612819517}.Debug|Any CPU.ActiveCfg = Debug|Any CPU
		{CB5C4466-A093-6DCE-C386-2AD612819517}.Debug|Any CPU.Build.0 = Debug|Any CPU
		{53BCB15F-8951-616C-1DF4-7A0579A0502D}.Debug|Any CPU.ActiveCfg = Debug|Any CPU
		{53BCB15F-8951-616C-1DF4-7A0579A0502D}.Debug|Any CPU.Build.0 = Debug|Any CPU
		{3C633C6B-59C8-A152-BB42-8EA5DADF57DE}.Debug|Any CPU.ActiveCfg = Debug|Any CPU
		{3C633C6B-59C8-A152-BB42-8EA5DADF57DE}.Debug|Any CPU.Build.0 = Debug|Any CPU
		{391C3EC9-F229-E159-FB06-28F31F2A8470}.Debug|Any CPU.ActiveCfg = Debug|Any CPU
		{391C3EC9-F229-E159-FB06-28F31F2A8470}.Debug|Any CPU.Build.0 = Debug|Any CPU
		{B028F77F-3358-C1F7-0F0F-E51468573571}.Debug|Any CPU.ActiveCfg = Debug|Any CPU
		{B028F77F-3358-C1F7-0F0F-E51468573571}.Debug|Any CPU.Build.0 = Debug|Any CPU
		{691D727A-9D40-C2C0-C4C0-275CE27E6B56}.Debug|Any CPU.ActiveCfg = Debug|Any CPU
		{691D727A-9D40-C2C0-C4C0-275CE27E6B56}.Debug|Any CPU.Build.0 = Debug|Any CPU
		{55311E15-E628-9B2D-74A8-CBB03EFCA2C9}.Debug|Any CPU.ActiveCfg = Debug|Any CPU
		{55311E15-E628-9B2D-74A8-CBB03EFCA2C9}.Debug|Any CPU.Build.0 = Debug|Any CPU
		{288A8934-6FEE-8B26-7B1E-5CA3DF23712E}.Debug|Any CPU.ActiveCfg = Debug|Any CPU
		{288A8934-6FEE-8B26-7B1E-5CA3DF23712E}.Debug|Any CPU.Build.0 = Debug|Any CPU
		{DBA9EE62-F08A-121F-AD88-CCBDF1ED75B8}.Debug|Any CPU.ActiveCfg = Debug|Any CPU
		{DBA9EE62-F08A-121F-AD88-CCBDF1ED75B8}.Debug|Any CPU.Build.0 = Debug|Any CPU
	EndGlobalSection
	GlobalSection(SolutionProperties) = preSolution
		HideSolutionNode = FALSE
	EndGlobalSection
	GlobalSection(ExtensibilityGlobals) = postSolution
		SolutionGuid = {FD827505-4126-48FE-9148-7F1218250780}
	EndGlobalSection
EndGlobal
